
Microsoft Visual Studio Solution File, Format Version 12.00
# Visual Studio Version 16
VisualStudioVersion = 16.0.30907.101
MinimumVisualStudioVersion = 10.0.40219.1
Project("{FAE04EC0-301F-11D3-BF4B-00C04F79EFBC}") = "SignalR-Test", "SignalR-Test\SignalR-Test.csproj", "{D5134280-DFAD-4A4D-8E1B-332A19AE17CC}"
EndProject
Global
	GlobalSection(SolutionConfigurationPlatforms) = preSolution
		Debug|Any CPU = Debug|Any CPU
		Release|Any CPU = Release|Any CPU
	EndGlobalSection
	GlobalSection(ProjectConfigurationPlatforms) = postSolution
		{D5134280-DFAD-4A4D-8E1B-332A19AE17CC}.Debug|Any CPU.ActiveCfg = Debug|Any CPU
		{D5134280-DFAD-4A4D-8E1B-332A19AE17CC}.Debug|Any CPU.Build.0 = Debug|Any CPU
		{D5134280-DFAD-4A4D-8E1B-332A19AE17CC}.Release|Any CPU.ActiveCfg = Release|Any CPU
		{D5134280-DFAD-4A4D-8E1B-332A19AE17CC}.Release|Any CPU.Build.0 = Release|Any CPU
	EndGlobalSection
	GlobalSection(SolutionProperties) = preSolution
		HideSolutionNode = FALSE
	EndGlobalSection
	GlobalSection(ExtensibilityGlobals) = postSolution
		SolutionGuid = {5F943B28-9732-4F26-97B2-6EFB5DF097C8}
	EndGlobalSection
EndGlobal
